
Microsoft Visual Studio Solution File, Format Version 12.00
# Visual Studio Version 17
VisualStudioVersion = 17.6.33723.286
MinimumVisualStudioVersion = 10.0.40219.1
Project("{FAE04EC0-301F-11D3-BF4B-00C04F79EFBC}") = "WF-ClickMaster", "WF-ClickMaster.csproj", "{D0102AF3-DAC1-4580-B06E-7FC5513ABF9D}"
EndProject
Global
	GlobalSection(SolutionConfigurationPlatforms) = preSolution
		Debug|Any CPU = Debug|Any CPU
		Release|Any CPU = Release|Any CPU
	EndGlobalSection
	GlobalSection(ProjectConfigurationPlatforms) = postSolution
		{D0102AF3-DAC1-4580-B06E-7FC5513ABF9D}.Debug|Any CPU.ActiveCfg = Debug|Any CPU
		{D0102AF3-DAC1-4580-B06E-7FC5513ABF9D}.Debug|Any CPU.Build.0 = Debug|Any CPU
		{D0102AF3-DAC1-4580-B06E-7FC5513ABF9D}.Release|Any CPU.ActiveCfg = Release|Any CPU
		{D0102AF3-DAC1-4580-B06E-7FC5513ABF9D}.Release|Any CPU.Build.0 = Release|Any CPU
	EndGlobalSection
	GlobalSection(SolutionProperties) = preSolution
		HideSolutionNode = FALSE
	EndGlobalSection
	GlobalSection(ExtensibilityGlobals) = postSolution
		SolutionGuid = {D2335662-4E51-4771-8157-4FA3C64BC2D6}
	EndGlobalSection
EndGlobal
